PODS:
  - boost (1.76.0)
  - CocoaAsyncSocket (7.6.5)
  - DoubleConversion (1.1.6)
  - FBLazyVector (0.67.0)
  - FBReactNativeSpec (0.67.0):
    - RCT-Folly (= 2021.06.28.00-v2)
    - RCTRequired (= 0.67.0)
    - RCTTypeSafety (= 0.67.0)
    - React-Core (= 0.67.0)
    - React-jsi (= 0.67.0)
    - ReactCommon/turbomodule/core (= 0.67.0)
  - Flipper (0.99.0):
    - Flipper-Folly (~> 2.6)
    - Flipper-RSocket (~> 1.4)
  - Flipper-Boost-iOSX (1.76.0.1.11)
  - Flipper-DoubleConversion (3.1.7)
  - Flipper-Fmt (7.1.7)
  - Flipper-Folly (2.6.7):
    - Flipper-Boost-iOSX
    - Flipper-DoubleConversion
    - Flipper-Fmt (= 7.1.7)
    - Flipper-Glog
    - libevent (~> 2.1.12)
    - OpenSSL-Universal (= 1.1.180)
  - Flipper-Glog (0.3.6)
  - Flipper-PeerTalk (0.0.4)
  - Flipper-RSocket (1.4.3):
    - Flipper-Folly (~> 2.6)
  - FlipperKit (0.99.0):
    - FlipperKit/Core (= 0.99.0)
  - FlipperKit/Core (0.99.0):
    - Flipper (~> 0.99.0)
    - FlipperKit/CppBridge
    - FlipperKit/FBCxxFollyDynamicConvert
    - FlipperKit/FBDefines
    - FlipperKit/FKPortForwarding
  - FlipperKit/CppBridge (0.99.0):
    - Flipper (~> 0.99.0)
  - FlipperKit/FBCxxFollyDynamicConvert (0.99.0):
    - Flipper-Folly (~> 2.6)
  - FlipperKit/FBDefines (0.99.0)
  - FlipperKit/FKPortForwarding (0.99.0):
    - CocoaAsyncSocket (~> 7.6)
    - Flipper-PeerTalk (~> 0.0.4)
  - FlipperKit/FlipperKitHighlightOverlay (0.99.0)
  - FlipperKit/FlipperKitLayoutHelpers (0.99.0):
    - FlipperKit/Core
    - FlipperKit/FlipperKitHighlightOverlay
    - FlipperKit/FlipperKitLayoutTextSearchable
  - FlipperKit/FlipperKitLayoutIOSDescriptors (0.99.0):
    - FlipperKit/Core
    - FlipperKit/FlipperKitHighlightOverlay
    - FlipperKit/FlipperKitLayoutHelpers
    - YogaKit (~> 1.18)
  - FlipperKit/FlipperKitLayoutPlugin (0.99.0):
    - FlipperKit/Core
    - FlipperKit/FlipperKitHighlightOverlay
    - FlipperKit/FlipperKitLayoutHelpers
    - FlipperKit/FlipperKitLayoutIOSDescriptors
    - FlipperKit/FlipperKitLayoutTextSearchable
    - YogaKit (~> 1.18)
  - FlipperKit/FlipperKitLayoutTextSearchable (0.99.0)
  - FlipperKit/FlipperKitNetworkPlugin (0.99.0):
    - FlipperKit/Core
  - FlipperKit/FlipperKitReactPlugin (0.99.0):
    - FlipperKit/Core
  - FlipperKit/FlipperKitUserDefaultsPlugin (0.99.0):
    - FlipperKit/Core
  - FlipperKit/SKIOSNetworkPlugin (0.99.0):
    - FlipperKit/Core
    - FlipperKit/FlipperKitNetworkPlugin
  - fmt (6.2.1)
  - glog (0.3.5)
  - GoogleDataTransport (9.1.2):
    - GoogleUtilities/Environment (~> 7.2)
    - nanopb (~> 2.30908.0)
    - PromisesObjC (< 3.0, >= 1.2)
  - GoogleMLKit/ImageLabeling (2.6.0):
    - GoogleMLKit/MLKitCore
    - MLKitImageLabeling (~> 1.5.0)
  - GoogleMLKit/MLKitCore (2.6.0):
    - MLKitCommon (~> 5.0.0)
  - GoogleToolboxForMac/DebugUtils (2.3.2):
    - GoogleToolboxForMac/Defines (= 2.3.2)
  - GoogleToolboxForMac/Defines (2.3.2)
  - GoogleToolboxForMac/Logger (2.3.2):
    - GoogleToolboxForMac/Defines (= 2.3.2)
  - "GoogleToolboxForMac/NSData+zlib (2.3.2)":
    - GoogleToolboxForMac/Defines (= 2.3.2)
  - "GoogleToolboxForMac/NSDictionary+URLArguments (2.3.2)":
    - GoogleToolboxForMac/DebugUtils (= 2.3.2)
    - GoogleToolboxForMac/Defines (= 2.3.2)
    - "GoogleToolboxForMac/NSString+URLArguments (= 2.3.2)"
  - "GoogleToolboxForMac/NSString+URLArguments (2.3.2)"
  - GoogleUtilities/Environment (7.7.0):
    - PromisesObjC (< 3.0, >= 1.2)
  - GoogleUtilities/Logger (7.7.0):
    - GoogleUtilities/Environment
  - GoogleUtilities/UserDefaults (7.7.0):
    - GoogleUtilities/Logger
  - GoogleUtilitiesComponents (1.1.0):
    - GoogleUtilities/Logger
  - GTMSessionFetcher/Core (1.7.1)
  - libevent (2.1.12)
  - lottie-ios (3.2.3)
  - lottie-react-native (5.0.1):
    - lottie-ios (~> 3.2.3)
    - React-Core
  - MLImage (1.0.0-beta2)
  - MLKitCommon (5.0.0):
    - GoogleDataTransport (~> 9.0)
    - GoogleToolboxForMac/Logger (~> 2.1)
    - "GoogleToolboxForMac/NSData+zlib (~> 2.1)"
    - "GoogleToolboxForMac/NSDictionary+URLArguments (~> 2.1)"
    - GoogleUtilities/UserDefaults (~> 7.0)
    - GoogleUtilitiesComponents (~> 1.0)
    - GTMSessionFetcher/Core (~> 1.1)
    - Protobuf (~> 3.12)
  - MLKitImageLabeling (1.5.0):
    - MLKitCommon (~> 5.0)
    - MLKitImageLabelingCommon (~> 3.0)
    - MLKitVision (~> 3.0)
    - MLKitVisionKit (~> 4.0)
  - MLKitImageLabelingCommon (3.0.0):
    - MLKitCommon (~> 5.0)
    - MLKitVision (~> 3.0)
  - MLKitObjectDetectionCommon (3.0.0):
    - MLKitCommon (~> 5.0)
    - MLKitVision (~> 3.0)
  - MLKitVision (3.0.0):
    - GoogleToolboxForMac/Logger (~> 2.1)
    - "GoogleToolboxForMac/NSData+zlib (~> 2.1)"
    - GTMSessionFetcher/Core (~> 1.1)
    - MLImage (= 1.0.0-beta2)
    - MLKitCommon (~> 5.0)
    - Protobuf (~> 3.12)
  - MLKitVisionKit (4.0.0):
    - MLKitCommon (~> 5.0)
    - MLKitImageLabelingCommon (~> 3.0)
    - MLKitObjectDetectionCommon (~> 3.0)
    - MLKitVision (~> 3.0)
  - nanopb (2.30908.0):
    - nanopb/decode (= 2.30908.0)
    - nanopb/encode (= 2.30908.0)
  - nanopb/decode (2.30908.0)
  - nanopb/encode (2.30908.0)
  - OpenSSL-Universal (1.1.180)
  - Permission-Camera (3.3.1):
    - RNPermissions
  - Permission-MediaLibrary (3.3.1):
    - RNPermissions
  - Permission-Microphone (3.3.1):
    - RNPermissions
  - Permission-PhotoLibrary (3.3.1):
    - RNPermissions
  - PromisesObjC (2.0.0)
  - Protobuf (3.20.0)
  - RCT-Folly (2021.06.28.00-v2):
    - boost
    - DoubleConversion
    - fmt (~> 6.2.1)
    - glog
    - RCT-Folly/Default (= 2021.06.28.00-v2)
  - RCT-Folly/Default (2021.06.28.00-v2):
    - boost
    - DoubleConversion
    - fmt (~> 6.2.1)
    - glog
  - RCTRequired (0.67.0)
  - RCTTypeSafety (0.67.0):
    - FBLazyVector (= 0.67.0)
    - RCT-Folly (= 2021.06.28.00-v2)
    - RCTRequired (= 0.67.0)
    - React-Core (= 0.67.0)
  - React (0.67.0):
    - React-Core (= 0.67.0)
    - React-Core/DevSupport (= 0.67.0)
    - React-Core/RCTWebSocket (= 0.67.0)
    - React-RCTActionSheet (= 0.67.0)
    - React-RCTAnimation (= 0.67.0)
    - React-RCTBlob (= 0.67.0)
    - React-RCTImage (= 0.67.0)
    - React-RCTLinking (= 0.67.0)
    - React-RCTNetwork (= 0.67.0)
    - React-RCTSettings (= 0.67.0)
    - React-RCTText (= 0.67.0)
    - React-RCTVibration (= 0.67.0)
  - React-callinvoker (0.67.0)
  - React-Core (0.67.0):
    - glog
    - RCT-Folly (= 2021.06.28.00-v2)
    - React-Core/Default (= 0.67.0)
    - React-cxxreact (= 0.67.0)
    - React-jsi (= 0.67.0)
    - React-jsiexecutor (= 0.67.0)
    - React-perflogger (= 0.67.0)
    - Yoga
  - React-Core/CoreModulesHeaders (0.67.0):
    - glog
    - RCT-Folly (= 2021.06.28.00-v2)
    - React-Core/Default
    - React-cxxreact (= 0.67.0)
    - React-jsi (= 0.67.0)
    - React-jsiexecutor (= 0.67.0)
    - React-perflogger (= 0.67.0)
    - Yoga
  - React-Core/Default (0.67.0):
    - glog
    - RCT-Folly (= 2021.06.28.00-v2)
    - React-cxxreact (= 0.67.0)
    - React-jsi (= 0.67.0)
    - React-jsiexecutor (= 0.67.0)
    - React-perflogger (= 0.67.0)
    - Yoga
  - React-Core/DevSupport (0.67.0):
    - glog
    - RCT-Folly (= 2021.06.28.00-v2)
    - React-Core/Default (= 0.67.0)
    - React-Core/RCTWebSocket (= 0.67.0)
    - React-cxxreact (= 0.67.0)
    - React-jsi (= 0.67.0)
    - React-jsiexecutor (= 0.67.0)
    - React-jsinspector (= 0.67.0)
    - React-perflogger (= 0.67.0)
    - Yoga
  - React-Core/RCTActionSheetHeaders (0.67.0):
    - glog
    - RCT-Folly (= 2021.06.28.00-v2)
    - React-Core/Default
    - React-cxxreact (= 0.67.0)
    - React-jsi (= 0.67.0)
    - React-jsiexecutor (= 0.67.0)
    - React-perflogger (= 0.67.0)
    - Yoga
  - React-Core/RCTAnimationHeaders (0.67.0):
    - glog
    - RCT-Folly (= 2021.06.28.00-v2)
    - React-Core/Default
    - React-cxxreact (= 0.67.0)
    - React-jsi (= 0.67.0)
    - React-jsiexecutor (= 0.67.0)
    - React-perflogger (= 0.67.0)
    - Yoga
  - React-Core/RCTBlobHeaders (0.67.0):
    - glog
    - RCT-Folly (= 2021.06.28.00-v2)
    - React-Core/Default
    - React-cxxreact (= 0.67.0)
    - React-jsi (= 0.67.0)
    - React-jsiexecutor (= 0.67.0)
    - React-perflogger (= 0.67.0)
    - Yoga
  - React-Core/RCTImageHeaders (0.67.0):
    - glog
    - RCT-Folly (= 2021.06.28.00-v2)
    - React-Core/Default
    - React-cxxreact (= 0.67.0)
    - React-jsi (= 0.67.0)
    - React-jsiexecutor (= 0.67.0)
    - React-perflogger (= 0.67.0)
    - Yoga
  - React-Core/RCTLinkingHeaders (0.67.0):
    - glog
    - RCT-Folly (= 2021.06.28.00-v2)
    - React-Core/Default
    - React-cxxreact (= 0.67.0)
    - React-jsi (= 0.67.0)
    - React-jsiexecutor (= 0.67.0)
    - React-perflogger (= 0.67.0)
    - Yoga
  - React-Core/RCTNetworkHeaders (0.67.0):
    - glog
    - RCT-Folly (= 2021.06.28.00-v2)
    - React-Core/Default
    - React-cxxreact (= 0.67.0)
    - React-jsi (= 0.67.0)
    - React-jsiexecutor (= 0.67.0)
    - React-perflogger (= 0.67.0)
    - Yoga
  - React-Core/RCTSettingsHeaders (0.67.0):
    - glog
    - RCT-Folly (= 2021.06.28.00-v2)
    - React-Core/Default
    - React-cxxreact (= 0.67.0)
    - React-jsi (= 0.67.0)
    - React-jsiexecutor (= 0.67.0)
    - React-perflogger (= 0.67.0)
    - Yoga
  - React-Core/RCTTextHeaders (0.67.0):
    - glog
    - RCT-Folly (= 2021.06.28.00-v2)
    - React-Core/Default
    - React-cxxreact (= 0.67.0)
    - React-jsi (= 0.67.0)
    - React-jsiexecutor (= 0.67.0)
    - React-perflogger (= 0.67.0)
    - Yoga
  - React-Core/RCTVibrationHeaders (0.67.0):
    - glog
    - RCT-Folly (= 2021.06.28.00-v2)
    - React-Core/Default
    - React-cxxreact (= 0.67.0)
    - React-jsi (= 0.67.0)
    - React-jsiexecutor (= 0.67.0)
    - React-perflogger (= 0.67.0)
    - Yoga
  - React-Core/RCTWebSocket (0.67.0):
    - glog
    - RCT-Folly (= 2021.06.28.00-v2)
    - React-Core/Default (= 0.67.0)
    - React-cxxreact (= 0.67.0)
    - React-jsi (= 0.67.0)
    - React-jsiexecutor (= 0.67.0)
    - React-perflogger (= 0.67.0)
    - Yoga
  - React-CoreModules (0.67.0):
    - FBReactNativeSpec (= 0.67.0)
    - RCT-Folly (= 2021.06.28.00-v2)
    - RCTTypeSafety (= 0.67.0)
    - React-Core/CoreModulesHeaders (= 0.67.0)
    - React-jsi (= 0.67.0)
    - React-RCTImage (= 0.67.0)
    - ReactCommon/turbomodule/core (= 0.67.0)
  - React-cxxreact (0.67.0):
    - boost (= 1.76.0)
    - DoubleConversion
    - glog
    - RCT-Folly (= 2021.06.28.00-v2)
    - React-callinvoker (= 0.67.0)
    - React-jsi (= 0.67.0)
    - React-jsinspector (= 0.67.0)
    - React-logger (= 0.67.0)
    - React-perflogger (= 0.67.0)
    - React-runtimeexecutor (= 0.67.0)
  - React-jsi (0.67.0):
    - boost (= 1.76.0)
    - DoubleConversion
    - glog
    - RCT-Folly (= 2021.06.28.00-v2)
    - React-jsi/Default (= 0.67.0)
  - React-jsi/Default (0.67.0):
    - boost (= 1.76.0)
    - DoubleConversion
    - glog
    - RCT-Folly (= 2021.06.28.00-v2)
  - React-jsiexecutor (0.67.0):
    - DoubleConversion
    - glog
    - RCT-Folly (= 2021.06.28.00-v2)
    - React-cxxreact (= 0.67.0)
    - React-jsi (= 0.67.0)
    - React-perflogger (= 0.67.0)
  - React-jsinspector (0.67.0)
  - React-logger (0.67.0):
    - glog
  - react-native-safe-area-context (4.2.4):
    - RCT-Folly
    - RCTRequired
    - RCTTypeSafety
    - React
    - ReactCommon/turbomodule/core
  - React-perflogger (0.67.0)
  - React-RCTActionSheet (0.67.0):
    - React-Core/RCTActionSheetHeaders (= 0.67.0)
  - React-RCTAnimation (0.67.0):
    - FBReactNativeSpec (= 0.67.0)
    - RCT-Folly (= 2021.06.28.00-v2)
    - RCTTypeSafety (= 0.67.0)
    - React-Core/RCTAnimationHeaders (= 0.67.0)
    - React-jsi (= 0.67.0)
    - ReactCommon/turbomodule/core (= 0.67.0)
  - React-RCTBlob (0.67.0):
    - FBReactNativeSpec (= 0.67.0)
    - RCT-Folly (= 2021.06.28.00-v2)
    - React-Core/RCTBlobHeaders (= 0.67.0)
    - React-Core/RCTWebSocket (= 0.67.0)
    - React-jsi (= 0.67.0)
    - React-RCTNetwork (= 0.67.0)
    - ReactCommon/turbomodule/core (= 0.67.0)
  - React-RCTImage (0.67.0):
    - FBReactNativeSpec (= 0.67.0)
    - RCT-Folly (= 2021.06.28.00-v2)
    - RCTTypeSafety (= 0.67.0)
    - React-Core/RCTImageHeaders (= 0.67.0)
    - React-jsi (= 0.67.0)
    - React-RCTNetwork (= 0.67.0)
    - ReactCommon/turbomodule/core (= 0.67.0)
  - React-RCTLinking (0.67.0):
    - FBReactNativeSpec (= 0.67.0)
    - React-Core/RCTLinkingHeaders (= 0.67.0)
    - React-jsi (= 0.67.0)
    - ReactCommon/turbomodule/core (= 0.67.0)
  - React-RCTNetwork (0.67.0):
    - FBReactNativeSpec (= 0.67.0)
    - RCT-Folly (= 2021.06.28.00-v2)
    - RCTTypeSafety (= 0.67.0)
    - React-Core/RCTNetworkHeaders (= 0.67.0)
    - React-jsi (= 0.67.0)
    - ReactCommon/turbomodule/core (= 0.67.0)
  - React-RCTSettings (0.67.0):
    - FBReactNativeSpec (= 0.67.0)
    - RCT-Folly (= 2021.06.28.00-v2)
    - RCTTypeSafety (= 0.67.0)
    - React-Core/RCTSettingsHeaders (= 0.67.0)
    - React-jsi (= 0.67.0)
    - ReactCommon/turbomodule/core (= 0.67.0)
  - React-RCTText (0.67.0):
    - React-Core/RCTTextHeaders (= 0.67.0)
  - React-RCTVibration (0.67.0):
    - FBReactNativeSpec (= 0.67.0)
    - RCT-Folly (= 2021.06.28.00-v2)
    - React-Core/RCTVibrationHeaders (= 0.67.0)
    - React-jsi (= 0.67.0)
    - ReactCommon/turbomodule/core (= 0.67.0)
  - React-runtimeexecutor (0.67.0):
    - React-jsi (= 0.67.0)
  - ReactCommon/turbomodule/core (0.67.0):
    - DoubleConversion
    - glog
    - RCT-Folly (= 2021.06.28.00-v2)
    - React-callinvoker (= 0.67.0)
    - React-Core (= 0.67.0)
    - React-cxxreact (= 0.67.0)
    - React-jsi (= 0.67.0)
    - React-logger (= 0.67.0)
    - React-perflogger (= 0.67.0)
  - RNFS (2.19.0):
    - React-Core
  - RNPermissions (3.3.1):
    - React-Core
  - RNReanimated (2.7.0):
    - DoubleConversion
    - FBLazyVector
    - FBReactNativeSpec
    - glog
    - RCT-Folly
    - RCTRequired
    - RCTTypeSafety
    - React-callinvoker
    - React-Core
    - React-Core/DevSupport
    - React-Core/RCTWebSocket
    - React-CoreModules
    - React-cxxreact
    - React-jsi
    - React-jsiexecutor
    - React-jsinspector
    - React-RCTActionSheet
    - React-RCTAnimation
    - React-RCTBlob
    - React-RCTImage
    - React-RCTLinking
    - React-RCTNetwork
    - React-RCTSettings
    - React-RCTText
    - ReactCommon/turbomodule/core
    - Yoga
  - RNScreens (3.13.1):
    - React-Core
    - React-RCTImage
  - RNSVG (12.3.0):
    - React-Core
  - vision-camera-image-labeler (0.1.6):
    - GoogleMLKit/ImageLabeling
    - React-Core
  - VisionCamera (2.13.2):
    - React
    - React-callinvoker
    - React-Core
  - Yoga (1.14.0)
  - YogaKit (1.18.1):
    - Yoga (~> 1.14)

DEPENDENCIES:
  - boost (from `../node_modules/react-native/third-party-podspecs/boost.podspec`)
  - DoubleConversion (from `../node_modules/react-native/third-party-podspecs/DoubleConversion.podspec`)
  - FBLazyVector (from `../node_modules/react-native/Libraries/FBLazyVector`)
  - FBReactNativeSpec (from `../node_modules/react-native/React/FBReactNativeSpec`)
  - Flipper (= 0.99.0)
  - Flipper-Boost-iOSX (= 1.76.0.1.11)
  - Flipper-DoubleConversion (= 3.1.7)
  - Flipper-Fmt (= 7.1.7)
  - Flipper-Folly (= 2.6.7)
  - Flipper-Glog (= 0.3.6)
  - Flipper-PeerTalk (= 0.0.4)
  - Flipper-RSocket (= 1.4.3)
  - FlipperKit (= 0.99.0)
  - FlipperKit/Core (= 0.99.0)
  - FlipperKit/CppBridge (= 0.99.0)
  - FlipperKit/FBCxxFollyDynamicConvert (= 0.99.0)
  - FlipperKit/FBDefines (= 0.99.0)
  - FlipperKit/FKPortForwarding (= 0.99.0)
  - FlipperKit/FlipperKitHighlightOverlay (= 0.99.0)
  - FlipperKit/FlipperKitLayoutPlugin (= 0.99.0)
  - FlipperKit/FlipperKitLayoutTextSearchable (= 0.99.0)
  - FlipperKit/FlipperKitNetworkPlugin (= 0.99.0)
  - FlipperKit/FlipperKitReactPlugin (= 0.99.0)
  - FlipperKit/FlipperKitUserDefaultsPlugin (= 0.99.0)
  - FlipperKit/SKIOSNetworkPlugin (= 0.99.0)
  - glog (from `../node_modules/react-native/third-party-podspecs/glog.podspec`)
  - lottie-react-native (from `../node_modules/lottie-react-native`)
  - OpenSSL-Universal (= 1.1.180)
  - Permission-Camera (from `../node_modules/react-native-permissions/ios/Camera`)
  - Permission-MediaLibrary (from `../node_modules/react-native-permissions/ios/MediaLibrary`)
  - Permission-Microphone (from `../node_modules/react-native-permissions/ios/Microphone`)
  - Permission-PhotoLibrary (from `../node_modules/react-native-permissions/ios/PhotoLibrary`)
  - RCT-Folly (from `../node_modules/react-native/third-party-podspecs/RCT-Folly.podspec`)
  - RCTRequired (from `../node_modules/react-native/Libraries/RCTRequired`)
  - RCTTypeSafety (from `../node_modules/react-native/Libraries/TypeSafety`)
  - React (from `../node_modules/react-native/`)
  - React-callinvoker (from `../node_modules/react-native/ReactCommon/callinvoker`)
  - React-Core (from `../node_modules/react-native/`)
  - React-Core/DevSupport (from `../node_modules/react-native/`)
  - React-Core/RCTWebSocket (from `../node_modules/react-native/`)
  - React-CoreModules (from `../node_modules/react-native/React/CoreModules`)
  - React-cxxreact (from `../node_modules/react-native/ReactCommon/cxxreact`)
  - React-jsi (from `../node_modules/react-native/ReactCommon/jsi`)
  - React-jsiexecutor (from `../node_modules/react-native/ReactCommon/jsiexecutor`)
  - React-jsinspector (from `../node_modules/react-native/ReactCommon/jsinspector`)
  - React-logger (from `../node_modules/react-native/ReactCommon/logger`)
  - react-native-safe-area-context (from `../node_modules/react-native-safe-area-context`)
  - React-perflogger (from `../node_modules/react-native/ReactCommon/reactperflogger`)
  - React-RCTActionSheet (from `../node_modules/react-native/Libraries/ActionSheetIOS`)
  - React-RCTAnimation (from `../node_modules/react-native/Libraries/NativeAnimation`)
  - React-RCTBlob (from `../node_modules/react-native/Libraries/Blob`)
  - React-RCTImage (from `../node_modules/react-native/Libraries/Image`)
  - React-RCTLinking (from `../node_modules/react-native/Libraries/LinkingIOS`)
  - React-RCTNetwork (from `../node_modules/react-native/Libraries/Network`)
  - React-RCTSettings (from `../node_modules/react-native/Libraries/Settings`)
  - React-RCTText (from `../node_modules/react-native/Libraries/Text`)
  - React-RCTVibration (from `../node_modules/react-native/Libraries/Vibration`)
  - React-runtimeexecutor (from `../node_modules/react-native/ReactCommon/runtimeexecutor`)
  - ReactCommon/turbomodule/core (from `../node_modules/react-native/ReactCommon`)
  - RNFS (from `../node_modules/react-native-fs`)
  - RNPermissions (from `../node_modules/react-native-permissions`)
  - RNReanimated (from `../node_modules/react-native-reanimated`)
  - RNScreens (from `../node_modules/react-native-screens`)
  - RNSVG (from `../node_modules/react-native-svg`)
  - vision-camera-image-labeler (from `../node_modules/vision-camera-image-labeler`)
  - VisionCamera (from `../node_modules/react-native-vision-camera`)
  - Yoga (from `../node_modules/react-native/ReactCommon/yoga`)

SPEC REPOS:
  trunk:
    - CocoaAsyncSocket
    - Flipper
    - Flipper-Boost-iOSX
    - Flipper-DoubleConversion
    - Flipper-Fmt
    - Flipper-Folly
    - Flipper-Glog
    - Flipper-PeerTalk
    - Flipper-RSocket
    - FlipperKit
    - fmt
    - GoogleDataTransport
    - GoogleMLKit
    - GoogleToolboxForMac
    - GoogleUtilities
    - GoogleUtilitiesComponents
    - GTMSessionFetcher
    - libevent
    - lottie-ios
    - MLImage
    - MLKitCommon
    - MLKitImageLabeling
    - MLKitImageLabelingCommon
    - MLKitObjectDetectionCommon
    - MLKitVision
    - MLKitVisionKit
    - nanopb
    - OpenSSL-Universal
    - PromisesObjC
    - Protobuf
    - YogaKit

EXTERNAL SOURCES:
  boost:
    :podspec: "../node_modules/react-native/third-party-podspecs/boost.podspec"
  DoubleConversion:
    :podspec: "../node_modules/react-native/third-party-podspecs/DoubleConversion.podspec"
  FBLazyVector:
    :path: "../node_modules/react-native/Libraries/FBLazyVector"
  FBReactNativeSpec:
    :path: "../node_modules/react-native/React/FBReactNativeSpec"
  glog:
    :podspec: "../node_modules/react-native/third-party-podspecs/glog.podspec"
  lottie-react-native:
    :path: "../node_modules/lottie-react-native"
  Permission-Camera:
    :path: "../node_modules/react-native-permissions/ios/Camera"
  Permission-MediaLibrary:
    :path: "../node_modules/react-native-permissions/ios/MediaLibrary"
  Permission-Microphone:
    :path: "../node_modules/react-native-permissions/ios/Microphone"
  Permission-PhotoLibrary:
    :path: "../node_modules/react-native-permissions/ios/PhotoLibrary"
  RCT-Folly:
    :podspec: "../node_modules/react-native/third-party-podspecs/RCT-Folly.podspec"
  RCTRequired:
    :path: "../node_modules/react-native/Libraries/RCTRequired"
  RCTTypeSafety:
    :path: "../node_modules/react-native/Libraries/TypeSafety"
  React:
    :path: "../node_modules/react-native/"
  React-callinvoker:
    :path: "../node_modules/react-native/ReactCommon/callinvoker"
  React-Core:
    :path: "../node_modules/react-native/"
  React-CoreModules:
    :path: "../node_modules/react-native/React/CoreModules"
  React-cxxreact:
    :path: "../node_modules/react-native/ReactCommon/cxxreact"
  React-jsi:
    :path: "../node_modules/react-native/ReactCommon/jsi"
  React-jsiexecutor:
    :path: "../node_modules/react-native/ReactCommon/jsiexecutor"
  React-jsinspector:
    :path: "../node_modules/react-native/ReactCommon/jsinspector"
  React-logger:
    :path: "../node_modules/react-native/ReactCommon/logger"
  react-native-safe-area-context:
    :path: "../node_modules/react-native-safe-area-context"
  React-perflogger:
    :path: "../node_modules/react-native/ReactCommon/reactperflogger"
  React-RCTActionSheet:
    :path: "../node_modules/react-native/Libraries/ActionSheetIOS"
  React-RCTAnimation:
    :path: "../node_modules/react-native/Libraries/NativeAnimation"
  React-RCTBlob:
    :path: "../node_modules/react-native/Libraries/Blob"
  React-RCTImage:
    :path: "../node_modules/react-native/Libraries/Image"
  React-RCTLinking:
    :path: "../node_modules/react-native/Libraries/LinkingIOS"
  React-RCTNetwork:
    :path: "../node_modules/react-native/Libraries/Network"
  React-RCTSettings:
    :path: "../node_modules/react-native/Libraries/Settings"
  React-RCTText:
    :path: "../node_modules/react-native/Libraries/Text"
  React-RCTVibration:
    :path: "../node_modules/react-native/Libraries/Vibration"
  React-runtimeexecutor:
    :path: "../node_modules/react-native/ReactCommon/runtimeexecutor"
  ReactCommon:
    :path: "../node_modules/react-native/ReactCommon"
  RNFS:
    :path: "../node_modules/react-native-fs"
  RNPermissions:
    :path: "../node_modules/react-native-permissions"
  RNReanimated:
    :path: "../node_modules/react-native-reanimated"
  RNScreens:
    :path: "../node_modules/react-native-screens"
  RNSVG:
    :path: "../node_modules/react-native-svg"
  vision-camera-image-labeler:
    :path: "../node_modules/vision-camera-image-labeler"
  VisionCamera:
    :path: "../node_modules/react-native-vision-camera"
  Yoga:
    :path: "../node_modules/react-native/ReactCommon/yoga"

SPEC CHECKSUMS:
  boost: a7c83b31436843459a1961bfd74b96033dc77234
  CocoaAsyncSocket: 065fd1e645c7abab64f7a6a2007a48038fdc6a99
  DoubleConversion: 831926d9b8bf8166fd87886c4abab286c2422662
  FBLazyVector: dce905f90eacf2e62ffbc2a4bbda8ea630aabd8a
  FBReactNativeSpec: 7444057cd46e87525b82f3e41f05e1db0d0029f2
  Flipper: 30e8eeeed6abdc98edaf32af0cda2f198be4b733
  Flipper-Boost-iOSX: fd1e2b8cbef7e662a122412d7ac5f5bea715403c
  Flipper-DoubleConversion: 57ffbe81ef95306cc9e69c4aa3aeeeeb58a6a28c
  Flipper-Fmt: 60cbdd92fc254826e61d669a5d87ef7015396a9b
  Flipper-Folly: 83af37379faa69497529e414bd43fbfc7cae259a
  Flipper-Glog: 1dfd6abf1e922806c52ceb8701a3599a79a200a6
  Flipper-PeerTalk: 116d8f857dc6ef55c7a5a75ea3ceaafe878aadc9
  Flipper-RSocket: d9d9ade67cbecf6ac10730304bf5607266dd2541
  FlipperKit: d8d346844eca5d9120c17d441a2f38596e8ed2b9
  fmt: ff9d55029c625d3757ed641535fd4a75fedc7ce9
  glog: 85ecdd10ee8d8ec362ef519a6a45ff9aa27b2e85
  GoogleDataTransport: 629c20a4d363167143f30ea78320d5a7eb8bd940
  GoogleMLKit: 755661c46990a85e42278015f26400286d98ad95
  GoogleToolboxForMac: 8bef7c7c5cf7291c687cf5354f39f9db6399ad34
  GoogleUtilities: e0913149f6b0625b553d70dae12b49fc62914fd1
  GoogleUtilitiesComponents: 679b2c881db3b615a2777504623df6122dd20afe
  GTMSessionFetcher: 4577a4cc914a5a07c40a8a0ad0acc22080418c2d
  libevent: 4049cae6c81cdb3654a443be001fb9bdceff7913
  lottie-ios: c058aeafa76daa4cf64d773554bccc8385d0150e
  lottie-react-native: a029a86e1689c86a07169c520ae770e84348cd20
  MLImage: a454f9f8ecfd537783a12f9488f5be1a68820829
  MLKitCommon: 3bc17c6f7d25ce3660f030350b46ae7ec9ebca6e
  MLKitImageLabeling: 8e19e6cea9b220c5ae6beb85e2c0b14c370fdb3a
  MLKitImageLabelingCommon: 9916b03956a3a647ebc7471a12b1eb0798ae84f8
  MLKitObjectDetectionCommon: 81d8ef93327005779a05fb6f2d74b0b0ef8840b1
  MLKitVision: e87dc3f2e456a6ab32361ebd985e078dd2746143
  MLKitVisionKit: 68c122ceb9b2fe1a05ffe09341c750d566c77170
  nanopb: a0ba3315591a9ae0a16a309ee504766e90db0c96
  OpenSSL-Universal: 1aa4f6a6ee7256b83db99ec1ccdaa80d10f9af9b
  Permission-Camera: bae27a8503530770c35aadfecbb97ec71823382a
  Permission-MediaLibrary: cbc1ee191cf0fe73282d2b3f197714941783d99d
  Permission-Microphone: 13922195a81b9d46d2df8050c225006eae126d49
  Permission-PhotoLibrary: ddb5a158725b29cb12e9e477e8a5f5151c66cc3c
  PromisesObjC: 68159ce6952d93e17b2dfe273b8c40907db5ba58
  Protobuf: 66e2f3b26a35e4cc379831f4ced538274ee4b923
  RCT-Folly: 803a9cfd78114b2ec0f140cfa6fa2a6bafb2d685
  RCTRequired: 1af97c470c81e8cbb92c5ae42c4838ea95761743
  RCTTypeSafety: 809546c781453daf95eb1c40aa8b6970a4487028
  React: 8b9ebb24b000a0d76f3df4efae639744a9456f06
  React-callinvoker: 2c7a2de9d73dd90614c446eed718b8711f3fab2d
  React-Core: b77fcb770d593c141843ffa9f371ec5320bc5f15
  React-CoreModules: dca05923c9c4784831d412942eb9830f4993c0e5
  React-cxxreact: 8be245a67995fd13393d71fc51f764de2a348a5a
  React-jsi: bf187938f904046595a52680a432dac91253603b
  React-jsiexecutor: 3001f865cfd2c66c1298f427be47b8797ae5843b
  React-jsinspector: c9d1ddf4b1efbcf90323e3581ccff200cf4de346
  React-logger: 5d42caeaf0c31a9b29efb33e10e7f7031f958bfd
  react-native-safe-area-context: f98b0b16d1546d208fc293b4661e3f81a895afd9
  React-perflogger: 9454d63e7027e0830fa3e527628558160684f5dd
  React-RCTActionSheet: 240d798e2f5bd1ba2e85503a00fd390f560e6827
  React-RCTAnimation: 0ebf0df36838057097b8c6a30d1036531f8c7b1e
  React-RCTBlob: dec70fd2669ad1c95a7b8dbdb34a63ebc15c338b
  React-RCTImage: 055b27572570db92764f0e959161bdcbdc4bd461
  React-RCTLinking: a8e0f9cdf655cc85242ff33105a0af025a3b1a31
  React-RCTNetwork: 69e5f341e5f6c3cd004c32a7223d8e503d0be927
  React-RCTSettings: 0604e30fa8adeabbd3516e0e8d99a45f48883040
  React-RCTText: effa2b7834a7a10f1861d7d1c10a858faf72bb59
  React-RCTVibration: 7d7eb0db1f7f914945a606e0e91bb535099a07db
  React-runtimeexecutor: 4512c9287cc72ba30bb1d5e01e6bde7a69f2d22b
  ReactCommon: af6dd2c8c0de935841fa809caf41b2093bb9075c
  RNFS: fc610f78fdf8bfc89a9e5cc2f898519f4dba1002
  RNPermissions: 34d678157c800b25b22a488e4d8babb57456e796
  RNReanimated: 96ab42cfb0e5517293499e0f3f810420eb459f75
  RNScreens: 40a2cb40a02a609938137a1e0acfbf8fc9eebf19
  RNSVG: 302bfc9905bd8122f08966dc2ce2d07b7b52b9f8
  vision-camera-image-labeler: 44dc35bea2ce7a6967d1033e48a210500a50be7d
  VisionCamera: d4d9511c7a98126147d57d0034b0b5ff1f8afaa3
  Yoga: 3f5bfc54ce164fcd5b5d7f9f4232182d6298dd56
  YogaKit: f782866e155069a2cca2517aafea43200b01fd5a

PODFILE CHECKSUM: b543176011746566cc5ecaab515df75c39649ce0

COCOAPODS: 1.11.2
